// !$*UTF8*$!
{
	archiveVersion = 1;
	classes = {
	};
	objectVersion = 52;
	objects = {

/* Begin PBXBuildFile section */
		2B0BAFEF25A23295006C6E5D /* Main.xcdatamodeld in Sources */ = {isa = PBXBuildFile; fileRef = 2B0BAFED25A23295006C6E5D /* Main.xcdatamodeld */; };
		2B0BAFF325A23591006C6E5D /* CoreDataController.swift in Sources */ = {isa = PBXBuildFile; fileRef = 2B0BAFF225A23591006C6E5D /* CoreDataController.swift */; };
		2B0BAFFA25A250ED006C6E5D /* CloudKit.framework in Frameworks */ = {isa = PBXBuildFile; fileRef = 2B0BAFF925A250ED006C6E5D /* CloudKit.framework */; };
		2B0BAFFF25A25BD0006C6E5D /* HomeView.swift in Sources */ = {isa = PBXBuildFile; fileRef = 2B0BAFFE25A25BD0006C6E5D /* HomeView.swift */; };
		2B0BB00325A25DEE006C6E5D /* ProjectsView.swift in Sources */ = {isa = PBXBuildFile; fileRef = 2B0BB00225A25DEE006C6E5D /* ProjectsView.swift */; };
		2B0BB00825A26AD7006C6E5D /* Item-CoreDataHelpers.swift in Sources */ = {isa = PBXBuildFile; fileRef = 2B0BB00725A26AD7006C6E5D /* Item-CoreDataHelpers.swift */; };
		2B0BB00B25A26AFF006C6E5D /* Project-CoreDataHelpers.swift in Sources */ = {isa = PBXBuildFile; fileRef = 2B0BB00A25A26AFF006C6E5D /* Project-CoreDataHelpers.swift */; };
		2B11BC5825AA9EFC008F6D4D /* EditItemView.swift in Sources */ = {isa = PBXBuildFile; fileRef = 2B11BC5725AA9EFC008F6D4D /* EditItemView.swift */; };
		2B11BC5B25AAA78E008F6D4D /* ItemRowView.swift in Sources */ = {isa = PBXBuildFile; fileRef = 2B11BC5A25AAA78E008F6D4D /* ItemRowView.swift */; };
		2B11BC6025AAAC18008F6D4D /* Binding-OnChange.swift in Sources */ = {isa = PBXBuildFile; fileRef = 2B11BC5F25AAAC18008F6D4D /* Binding-OnChange.swift */; };
		2B11BC6425AAB1B3008F6D4D /* ProjectHeaderView.swift in Sources */ = {isa = PBXBuildFile; fileRef = 2B11BC6325AAB1B3008F6D4D /* ProjectHeaderView.swift */; };
		2B11BC6725AAB642008F6D4D /* Colors.xcassets in Resources */ = {isa = PBXBuildFile; fileRef = 2B11BC6625AAB642008F6D4D /* Colors.xcassets */; };
		2B11BC6B25AAB937008F6D4D /* EditProjectView.swift in Sources */ = {isa = PBXBuildFile; fileRef = 2B11BC6A25AAB937008F6D4D /* EditProjectView.swift */; };
		2B5F5C3125B3B83300C294A1 /* MissingNoodleBaseTestCase.swift in Sources */ = {isa = PBXBuildFile; fileRef = 2B5F5C3025B3B83300C294A1 /* MissingNoodleBaseTestCase.swift */; };
		2B5F5C3D25B3B95300C294A1 /* AsstTests.swift in Sources */ = {isa = PBXBuildFile; fileRef = 2B5F5C3C25B3B95300C294A1 /* AsstTests.swift */; };
		2B6CBA9D25B5FD4F006D47C8 /* MissingNoodleKit in Frameworks */ = {isa = PBXBuildFile; productRef = 2B6CBA9C25B5FD4F006D47C8 /* MissingNoodleKit */; };
		2BD92772259F9F9900E25360 /* MissingNoodlePortfolioApp.swift in Sources */ = {isa = PBXBuildFile; fileRef = 2BD92771259F9F9900E25360 /* MissingNoodlePortfolioApp.swift */; };
		2BD92774259F9F9900E25360 /* ContentView.swift in Sources */ = {isa = PBXBuildFile; fileRef = 2BD92773259F9F9900E25360 /* ContentView.swift */; };
		2BD92776259F9F9A00E25360 /* Assets.xcassets in Resources */ = {isa = PBXBuildFile; fileRef = 2BD92775259F9F9A00E25360 /* Assets.xcassets */; };
		2BD92779259F9F9A00E25360 /* Preview Assets.xcassets in Resources */ = {isa = PBXBuildFile; fileRef = 2BD92778259F9F9A00E25360 /* Preview Assets.xcassets */; };
/* End PBXBuildFile section */

/* Begin PBXContainerItemProxy section */
		2B5F5C3325B3B83300C294A1 /* PBXContainerItemProxy */ = {
			isa = PBXContainerItemProxy;
			containerPortal = 2BD92766259F9F9900E25360 /* Project object */;
			proxyType = 1;
			remoteGlobalIDString = 2BD9276D259F9F9900E25360;
			remoteInfo = MissingNoodlePortfolio;
		};
/* End PBXContainerItemProxy section */

/* Begin PBXFileReference section */
		2B0BAFEE25A23295006C6E5D /* Main.xcdatamodel */ = {isa = PBXFileReference; lastKnownFileType = wrapper.xcdatamodel; path = Main.xcdatamodel; sourceTree = "<group>"; };
		2B0BAFF225A23591006C6E5D /* CoreDataController.swift */ = {isa = PBXFileReference; lastKnownFileType = sourcecode.swift; path = CoreDataController.swift; sourceTree = "<group>"; };
		2B0BAFF625A250D2006C6E5D /* MissingNoodlePortfolio.entitlements */ = {isa = PBXFileReference; lastKnownFileType = text.plist.entitlements; path = MissingNoodlePortfolio.entitlements; sourceTree = "<group>"; };
		2B0BAFF925A250ED006C6E5D /* CloudKit.framework */ = {isa = PBXFileReference; lastKnownFileType = wrapper.framework; name = CloudKit.framework; path = System/Library/Frameworks/CloudKit.framework; sourceTree = SDKROOT; };
		2B0BAFFE25A25BD0006C6E5D /* HomeView.swift */ = {isa = PBXFileReference; lastKnownFileType = sourcecode.swift; path = HomeView.swift; sourceTree = "<group>"; };
		2B0BB00225A25DEE006C6E5D /* ProjectsView.swift */ = {isa = PBXFileReference; lastKnownFileType = sourcecode.swift; path = ProjectsView.swift; sourceTree = "<group>"; };
		2B0BB00725A26AD7006C6E5D /* Item-CoreDataHelpers.swift */ = {isa = PBXFileReference; lastKnownFileType = sourcecode.swift; path = "Item-CoreDataHelpers.swift"; sourceTree = "<group>"; };
		2B0BB00A25A26AFF006C6E5D /* Project-CoreDataHelpers.swift */ = {isa = PBXFileReference; lastKnownFileType = sourcecode.swift; path = "Project-CoreDataHelpers.swift"; sourceTree = "<group>"; };
		2B11BC5725AA9EFC008F6D4D /* EditItemView.swift */ = {isa = PBXFileReference; lastKnownFileType = sourcecode.swift; path = EditItemView.swift; sourceTree = "<group>"; };
		2B11BC5A25AAA78E008F6D4D /* ItemRowView.swift */ = {isa = PBXFileReference; lastKnownFileType = sourcecode.swift; path = ItemRowView.swift; sourceTree = "<group>"; };
		2B11BC5F25AAAC18008F6D4D /* Binding-OnChange.swift */ = {isa = PBXFileReference; lastKnownFileType = sourcecode.swift; path = "Binding-OnChange.swift"; sourceTree = "<group>"; };
		2B11BC6325AAB1B3008F6D4D /* ProjectHeaderView.swift */ = {isa = PBXFileReference; lastKnownFileType = sourcecode.swift; path = ProjectHeaderView.swift; sourceTree = "<group>"; };
		2B11BC6625AAB642008F6D4D /* Colors.xcassets */ = {isa = PBXFileReference; lastKnownFileType = folder.assetcatalog; path = Colors.xcassets; sourceTree = "<group>"; };
		2B11BC6A25AAB937008F6D4D /* EditProjectView.swift */ = {isa = PBXFileReference; lastKnownFileType = sourcecode.swift; path = EditProjectView.swift; sourceTree = "<group>"; };
		2B5F5C2E25B3B83300C294A1 /* MissingNoodlePortfolioTests.xctest */ = {isa = PBXFileReference; explicitFileType = wrapper.cfbundle; includeInIndex = 0; path = MissingNoodlePortfolioTests.xctest; sourceTree = BUILT_PRODUCTS_DIR; };
		2B5F5C3025B3B83300C294A1 /* MissingNoodleBaseTestCase.swift */ = {isa = PBXFileReference; lastKnownFileType = sourcecode.swift; path = MissingNoodleBaseTestCase.swift; sourceTree = "<group>"; };
		2B5F5C3225B3B83300C294A1 /* Info.plist */ = {isa = PBXFileReference; lastKnownFileType = text.plist.xml; path = Info.plist; sourceTree = "<group>"; };
		2B5F5C3C25B3B95300C294A1 /* AsstTests.swift */ = {isa = PBXFileReference; lastKnownFileType = sourcecode.swift; path = AsstTests.swift; sourceTree = "<group>"; };
		2B6CBA8F25B5FC12006D47C8 /* iOSPlayground.playground */ = {isa = PBXFileReference; lastKnownFileType = file.playground; path = iOSPlayground.playground; sourceTree = "<group>"; xcLanguageSpecificationIdentifier = xcode.lang.swift; };
		2B6CBA9225B5FC13006D47C8 /* MacOSPlayground.playground */ = {isa = PBXFileReference; lastKnownFileType = file.playground; path = MacOSPlayground.playground; sourceTree = "<group>"; xcLanguageSpecificationIdentifier = xcode.lang.swift; };
		2B6CBA9925B5FD2E006D47C8 /* MissingNoodleKit */ = {isa = PBXFileReference; lastKnownFileType = folder; name = MissingNoodleKit; path = ../MissingNoodleKit; sourceTree = "<group>"; };
		2BD9276E259F9F9900E25360 /* MissingNoodlePortfolio.app */ = {isa = PBXFileReference; explicitFileType = wrapper.application; includeInIndex = 0; path = MissingNoodlePortfolio.app; sourceTree = BUILT_PRODUCTS_DIR; };
		2BD92771259F9F9900E25360 /* MissingNoodlePortfolioApp.swift */ = {isa = PBXFileReference; lastKnownFileType = sourcecode.swift; path = MissingNoodlePortfolioApp.swift; sourceTree = "<group>"; };
		2BD92773259F9F9900E25360 /* ContentView.swift */ = {isa = PBXFileReference; lastKnownFileType = sourcecode.swift; path = ContentView.swift; sourceTree = "<group>"; };
		2BD92775259F9F9A00E25360 /* Assets.xcassets */ = {isa = PBXFileReference; lastKnownFileType = folder.assetcatalog; path = Assets.xcassets; sourceTree = "<group>"; };
		2BD92778259F9F9A00E25360 /* Preview Assets.xcassets */ = {isa = PBXFileReference; lastKnownFileType = folder.assetcatalog; path = "Preview Assets.xcassets"; sourceTree = "<group>"; };
		2BD9277A259F9F9A00E25360 /* Info.plist */ = {isa = PBXFileReference; lastKnownFileType = text.plist.xml; path = Info.plist; sourceTree = "<group>"; };
		2BE0747025A13FAA00254F71 /* README.md */ = {isa = PBXFileReference; lastKnownFileType = net.daringfireball.markdown; path = README.md; sourceTree = "<group>"; };
/* End PBXFileReference section */

/* Begin PBXFrameworksBuildPhase section */
		2B5F5C2B25B3B83300C294A1 /* Frameworks */ = {
			isa = PBXFrameworksBuildPhase;
			buildActionMask = 2147483647;
			files = (
			);
			runOnlyForDeploymentPostprocessing = 0;
		};
		2BD9276B259F9F9900E25360 /* Frameworks */ = {
			isa = PBXFrameworksBuildPhase;
			buildActionMask = 2147483647;
			files = (
				2B0BAFFA25A250ED006C6E5D /* CloudKit.framework in Frameworks */,
				2B6CBA9D25B5FD4F006D47C8 /* MissingNoodleKit in Frameworks */,
			);
			runOnlyForDeploymentPostprocessing = 0;
		};
/* End PBXFrameworksBuildPhase section */

/* Begin PBXGroup section */
		2B0BAFF125A2355B006C6E5D /* Controllers */ = {
			isa = PBXGroup;
			children = (
				2BA5C61E25AB9FC0001C3397 /* CoreData */,
			);
			name = Controllers;
			sourceTree = "<group>";
		};
		2B0BAFF825A250ED006C6E5D /* Frameworks */ = {
			isa = PBXGroup;
			children = (
				2B0BAFF925A250ED006C6E5D /* CloudKit.framework */,
			);
			name = Frameworks;
			sourceTree = "<group>";
		};
		2B0BAFFC25A25B9C006C6E5D /* Activities */ = {
			isa = PBXGroup;
			children = (
				2B0BAFFD25A25BAD006C6E5D /* Home */,
				2B0BB00125A25DC8006C6E5D /* Projects */,
			);
			name = Activities;
			sourceTree = "<group>";
		};
		2B0BAFFD25A25BAD006C6E5D /* Home */ = {
			isa = PBXGroup;
			children = (
				2B0BAFFE25A25BD0006C6E5D /* HomeView.swift */,
			);
			name = Home;
			sourceTree = "<group>";
		};
		2B0BB00125A25DC8006C6E5D /* Projects */ = {
			isa = PBXGroup;
			children = (
				2B11BC5625AA9EC1008F6D4D /* Items */,
				2B0BB00225A25DEE006C6E5D /* ProjectsView.swift */,
				2B11BC6325AAB1B3008F6D4D /* ProjectHeaderView.swift */,
				2B11BC6A25AAB937008F6D4D /* EditProjectView.swift */,
			);
			name = Projects;
			sourceTree = "<group>";
		};
		2B11BC5625AA9EC1008F6D4D /* Items */ = {
			isa = PBXGroup;
			children = (
				2B11BC5725AA9EFC008F6D4D /* EditItemView.swift */,
				2B11BC5A25AAA78E008F6D4D /* ItemRowView.swift */,
			);
			name = Items;
			sourceTree = "<group>";
		};
		2B11BC5D25AAABA9008F6D4D /* Utilities */ = {
			isa = PBXGroup;
			children = (
				2B5F5C2525B3802E00C294A1 /* DataStructures */,
				2B11BC5E25AAABB7008F6D4D /* Extensions */,
			);
			name = Utilities;
			sourceTree = "<group>";
		};
		2B11BC5E25AAABB7008F6D4D /* Extensions */ = {
			isa = PBXGroup;
			children = (
				2B11BC5F25AAAC18008F6D4D /* Binding-OnChange.swift */,
			);
			name = Extensions;
			sourceTree = "<group>";
		};
		2B5F5C2525B3802E00C294A1 /* DataStructures */ = {
			isa = PBXGroup;
			children = (
			);
			name = DataStructures;
			sourceTree = "<group>";
		};
		2B5F5C2F25B3B83300C294A1 /* MissingNoodlePortfolioTests */ = {
			isa = PBXGroup;
			children = (
				2B5F5C3025B3B83300C294A1 /* MissingNoodleBaseTestCase.swift */,
				2B5F5C3225B3B83300C294A1 /* Info.plist */,
				2B5F5C3C25B3B95300C294A1 /* AsstTests.swift */,
			);
			path = MissingNoodlePortfolioTests;
			sourceTree = "<group>";
		};
		2B6CBA8E25B5FC12006D47C8 /* Playgrounds */ = {
			isa = PBXGroup;
			children = (
				2B6CBA9225B5FC13006D47C8 /* MacOSPlayground.playground */,
				2B6CBA8F25B5FC12006D47C8 /* iOSPlayground.playground */,
			);
			path = Playgrounds;
			sourceTree = "<group>";
		};
		2BA5C61E25AB9FC0001C3397 /* CoreData */ = {
			isa = PBXGroup;
			children = (
				2B0BAFF225A23591006C6E5D /* CoreDataController.swift */,
				2BA5C61F25AB9FE4001C3397 /* Model-Extensions */,
			);
			name = CoreData;
			sourceTree = "<group>";
		};
		2BA5C61F25AB9FE4001C3397 /* Model-Extensions */ = {
			isa = PBXGroup;
			children = (
				2B0BB00725A26AD7006C6E5D /* Item-CoreDataHelpers.swift */,
				2B0BB00A25A26AFF006C6E5D /* Project-CoreDataHelpers.swift */,
			);
			name = "Model-Extensions";
			sourceTree = "<group>";
		};
		2BA5C62025ABA060001C3397 /* Configuration */ = {
			isa = PBXGroup;
			children = (
			);
			name = Configuration;
			path = "Preview Content";
			sourceTree = "<group>";
		};
		2BA5C62125ABA0C7001C3397 /* Resources */ = {
			isa = PBXGroup;
			children = (
				2BD92777259F9F9A00E25360 /* Preview Content */,
				2BD92775259F9F9A00E25360 /* Assets.xcassets */,
				2B11BC6625AAB642008F6D4D /* Colors.xcassets */,
				2B0BAFED25A23295006C6E5D /* Main.xcdatamodeld */,
			);
			name = Resources;
			sourceTree = "<group>";
		};
		2BA5C62225ABA105001C3397 /* Supporting */ = {
			isa = PBXGroup;
			children = (
				2BE0747025A13FAA00254F71 /* README.md */,
				2BA5C62025ABA060001C3397 /* Configuration */,
				2BA5C62125ABA0C7001C3397 /* Resources */,
			);
			name = Supporting;
			sourceTree = "<group>";
		};
		2BD92765259F9F9900E25360 = {
			isa = PBXGroup;
			children = (
				2B6CBA9925B5FD2E006D47C8 /* MissingNoodleKit */,
				2BD92770259F9F9900E25360 /* MissingNoodlePortfolio */,
				2B5F5C2F25B3B83300C294A1 /* MissingNoodlePortfolioTests */,
				2BD9276F259F9F9900E25360 /* Products */,
				2B0BAFF825A250ED006C6E5D /* Frameworks */,
			);
			sourceTree = "<group>";
		};
		2BD9276F259F9F9900E25360 /* Products */ = {
			isa = PBXGroup;
			children = (
				2BD9276E259F9F9900E25360 /* MissingNoodlePortfolio.app */,
				2B5F5C2E25B3B83300C294A1 /* MissingNoodlePortfolioTests.xctest */,
			);
			name = Products;
			sourceTree = "<group>";
		};
		2BD92770259F9F9900E25360 /* MissingNoodlePortfolio */ = {
			isa = PBXGroup;
			children = (
				2B6CBA8E25B5FC12006D47C8 /* Playgrounds */,
				2B0BAFF625A250D2006C6E5D /* MissingNoodlePortfolio.entitlements */,
				2BD9277A259F9F9A00E25360 /* Info.plist */,
				2BA5C62225ABA105001C3397 /* Supporting */,
				2BE0746B25A13D4600254F71 /* MissingNoodlePortfolioApp */,
				2B0BAFF125A2355B006C6E5D /* Controllers */,
			);
			path = MissingNoodlePortfolio;
			sourceTree = "<group>";
		};
		2BD92777259F9F9A00E25360 /* Preview Content */ = {
			isa = PBXGroup;
			children = (
				2BD92778259F9F9A00E25360 /* Preview Assets.xcassets */,
			);
			path = "Preview Content";
			sourceTree = "<group>";
		};
		2BE0746B25A13D4600254F71 /* MissingNoodlePortfolioApp */ = {
			isa = PBXGroup;
			children = (
				2BD92771259F9F9900E25360 /* MissingNoodlePortfolioApp.swift */,
				2BD92773259F9F9900E25360 /* ContentView.swift */,
				2B0BAFFC25A25B9C006C6E5D /* Activities */,
				2B11BC5D25AAABA9008F6D4D /* Utilities */,
			);
			name = MissingNoodlePortfolioApp;
			sourceTree = "<group>";
		};
/* End PBXGroup section */

/* Begin PBXNativeTarget section */
		2B5F5C2D25B3B83300C294A1 /* MissingNoodlePortfolioTests */ = {
			isa = PBXNativeTarget;
			buildConfigurationList = 2B5F5C3525B3B83300C294A1 /* Build configuration list for PBXNativeTarget "MissingNoodlePortfolioTests" */;
			buildPhases = (
				2B5F5C2A25B3B83300C294A1 /* Sources */,
				2B5F5C2B25B3B83300C294A1 /* Frameworks */,
				2B5F5C2C25B3B83300C294A1 /* Resources */,
			);
			buildRules = (
			);
			dependencies = (
				2B5F5C3425B3B83300C294A1 /* PBXTargetDependency */,
			);
			name = MissingNoodlePortfolioTests;
			productName = MissingNoodlePortfolioTests;
			productReference = 2B5F5C2E25B3B83300C294A1 /* MissingNoodlePortfolioTests.xctest */;
			productType = "com.apple.product-type.bundle.unit-test";
		};
		2BD9276D259F9F9900E25360 /* MissingNoodlePortfolio */ = {
			isa = PBXNativeTarget;
			buildConfigurationList = 2BD9277D259F9F9A00E25360 /* Build configuration list for PBXNativeTarget "MissingNoodlePortfolio" */;
			buildPhases = (
				2BD9276A259F9F9900E25360 /* Sources */,
				2BE0746425A1388800254F71 /* Run Script - Swiftlint */,
				2BD9276B259F9F9900E25360 /* Frameworks */,
				2BD9276C259F9F9900E25360 /* Resources */,
			);
			buildRules = (
			);
			dependencies = (
			);
			name = MissingNoodlePortfolio;
			packageProductDependencies = (
				2B6CBA9C25B5FD4F006D47C8 /* MissingNoodleKit */,
			);
			productName = MissingNoodlePortfolio;
			productReference = 2BD9276E259F9F9900E25360 /* MissingNoodlePortfolio.app */;
			productType = "com.apple.product-type.application";
		};
/* End PBXNativeTarget section */

/* Begin PBXProject section */
		2BD92766259F9F9900E25360 /* Project object */ = {
			isa = PBXProject;
			attributes = {
				LastSwiftUpdateCheck = 1230;
				LastUpgradeCheck = 1230;
				TargetAttributes = {
					2B5F5C2D25B3B83300C294A1 = {
						CreatedOnToolsVersion = 12.3;
						TestTargetID = 2BD9276D259F9F9900E25360;
					};
					2BD9276D259F9F9900E25360 = {
						CreatedOnToolsVersion = 12.3;
					};
				};
			};
			buildConfigurationList = 2BD92769259F9F9900E25360 /* Build configuration list for PBXProject "MissingNoodlePortfolio" */;
			compatibilityVersion = "Xcode 9.3";
			developmentRegion = en;
			hasScannedForEncodings = 0;
			knownRegions = (
				en,
				Base,
			);
			mainGroup = 2BD92765259F9F9900E25360;
			productRefGroup = 2BD9276F259F9F9900E25360 /* Products */;
			projectDirPath = "";
			projectRoot = "";
			targets = (
				2BD9276D259F9F9900E25360 /* MissingNoodlePortfolio */,
				2B5F5C2D25B3B83300C294A1 /* MissingNoodlePortfolioTests */,
			);
		};
/* End PBXProject section */

/* Begin PBXResourcesBuildPhase section */
		2B5F5C2C25B3B83300C294A1 /* Resources */ = {
			isa = PBXResourcesBuildPhase;
			buildActionMask = 2147483647;
			files = (
			);
			runOnlyForDeploymentPostprocessing = 0;
		};
		2BD9276C259F9F9900E25360 /* Resources */ = {
			isa = PBXResourcesBuildPhase;
			buildActionMask = 2147483647;
			files = (
				2B11BC6725AAB642008F6D4D /* Colors.xcassets in Resources */,
				2BD92779259F9F9A00E25360 /* Preview Assets.xcassets in Resources */,
				2BD92776259F9F9A00E25360 /* Assets.xcassets in Resources */,
			);
			runOnlyForDeploymentPostprocessing = 0;
		};
/* End PBXResourcesBuildPhase section */

/* Begin PBXShellScriptBuildPhase section */
		2BE0746425A1388800254F71 /* Run Script - Swiftlint */ = {
			isa = PBXShellScriptBuildPhase;
			buildActionMask = 2147483647;
			files = (
			);
			inputFileListPaths = (
			);
			inputPaths = (
			);
			name = "Run Script - Swiftlint";
			outputFileListPaths = (
			);
			outputPaths = (
			);
			runOnlyForDeploymentPostprocessing = 0;
			shellPath = /bin/sh;
			shellScript = "if which swiftlint >/dev/null; then\n  swiftlint\nelse\n  echo \"warning: SwiftLint not installed, download from https://github.com/realm/SwiftLint\"\nfi\n";
		};
/* End PBXShellScriptBuildPhase section */

/* Begin PBXSourcesBuildPhase section */
		2B5F5C2A25B3B83300C294A1 /* Sources */ = {
			isa = PBXSourcesBuildPhase;
			buildActionMask = 2147483647;
			files = (
				2B5F5C3D25B3B95300C294A1 /* AsstTests.swift in Sources */,
				2B5F5C3125B3B83300C294A1 /* MissingNoodleBaseTestCase.swift in Sources */,
			);
			runOnlyForDeploymentPostprocessing = 0;
		};
		2BD9276A259F9F9900E25360 /* Sources */ = {
			isa = PBXSourcesBuildPhase;
			buildActionMask = 2147483647;
			files = (
				2B0BB00325A25DEE006C6E5D /* ProjectsView.swift in Sources */,
				2B11BC6425AAB1B3008F6D4D /* ProjectHeaderView.swift in Sources */,
				2B0BAFEF25A23295006C6E5D /* Main.xcdatamodeld in Sources */,
				2B0BB00B25A26AFF006C6E5D /* Project-CoreDataHelpers.swift in Sources */,
				2B11BC6B25AAB937008F6D4D /* EditProjectView.swift in Sources */,
				2BD92774259F9F9900E25360 /* ContentView.swift in Sources */,
				2B11BC5B25AAA78E008F6D4D /* ItemRowView.swift in Sources */,
				2B0BAFF325A23591006C6E5D /* CoreDataController.swift in Sources */,
				2B11BC6025AAAC18008F6D4D /* Binding-OnChange.swift in Sources */,
				2B0BAFFF25A25BD0006C6E5D /* HomeView.swift in Sources */,
				2BD92772259F9F9900E25360 /* MissingNoodlePortfolioApp.swift in Sources */,
				2B0BB00825A26AD7006C6E5D /* Item-CoreDataHelpers.swift in Sources */,
				2B11BC5825AA9EFC008F6D4D /* EditItemView.swift in Sources */,
			);
			runOnlyForDeploymentPostprocessing = 0;
		};
/* End PBXSourcesBuildPhase section */

/* Begin PBXTargetDependency section */
		2B5F5C3425B3B83300C294A1 /* PBXTargetDependency */ = {
			isa = PBXTargetDependency;
			target = 2BD9276D259F9F9900E25360 /* MissingNoodlePortfolio */;
			targetProxy = 2B5F5C3325B3B83300C294A1 /* PBXContainerItemProxy */;
		};
/* End PBXTargetDependency section */

/* Begin XCBuildConfiguration section */
		2B5F5C3625B3B83300C294A1 /* Debug */ = {
			isa = XCBuildConfiguration;
			buildSettings = {
				BUNDLE_LOADER = "$(TEST_HOST)";
				CODE_SIGN_STYLE = Automatic;
				DEVELOPMENT_TEAM = 48CGK73HZD;
				INFOPLIST_FILE = MissingNoodlePortfolioTests/Info.plist;
				IPHONEOS_DEPLOYMENT_TARGET = 14.3;
				LD_RUNPATH_SEARCH_PATHS = (
					"$(inherited)",
					"@executable_path/Frameworks",
					"@loader_path/Frameworks",
				);
				PRODUCT_BUNDLE_IDENTIFIER = com.missingnoodle.MissingNoodlePortfolioTests;
				PRODUCT_NAME = "$(TARGET_NAME)";
				SWIFT_VERSION = 5.0;
				TARGETED_DEVICE_FAMILY = "1,2";
				TEST_HOST = "$(BUILT_PRODUCTS_DIR)/MissingNoodlePortfolio.app/MissingNoodlePortfolio";
			};
			name = Debug;
		};
		2B5F5C3725B3B83300C294A1 /* Release */ = {
			isa = XCBuildConfiguration;
			buildSettings = {
				BUNDLE_LOADER = "$(TEST_HOST)";
				CODE_SIGN_STYLE = Automatic;
				DEVELOPMENT_TEAM = 48CGK73HZD;
				INFOPLIST_FILE = MissingNoodlePortfolioTests/Info.plist;
				IPHONEOS_DEPLOYMENT_TARGET = 14.3;
				LD_RUNPATH_SEARCH_PATHS = (
					"$(inherited)",
					"@executable_path/Frameworks",
					"@loader_path/Frameworks",
				);
				PRODUCT_BUNDLE_IDENTIFIER = com.missingnoodle.MissingNoodlePortfolioTests;
				PRODUCT_NAME = "$(TARGET_NAME)";
				SWIFT_VERSION = 5.0;
				TARGETED_DEVICE_FAMILY = "1,2";
				TEST_HOST = "$(BUILT_PRODUCTS_DIR)/MissingNoodlePortfolio.app/MissingNoodlePortfolio";
			};
			name = Release;
		};
		2BD9277B259F9F9A00E25360 /* Debug */ = {
			isa = XCBuildConfiguration;
			buildSettings = {
				ALWAYS_SEARCH_USER_PATHS = NO;
				CLANG_ANALYZER_NONNULL = YES;
				CLANG_ANALYZER_NUMBER_OBJECT_CONVERSION = YES_AGGRESSIVE;
				CLANG_CXX_LANGUAGE_STANDARD = "gnu++14";
				CLANG_CXX_LIBRARY = "libc++";
				CLANG_ENABLE_MODULES = YES;
				CLANG_ENABLE_OBJC_ARC = YES;
				CLANG_ENABLE_OBJC_WEAK = YES;
				CLANG_WARN_BLOCK_CAPTURE_AUTORELEASING = YES;
				CLANG_WARN_BOOL_CONVERSION = YES;
				CLANG_WARN_COMMA = YES;
				CLANG_WARN_CONSTANT_CONVERSION = YES;
				CLANG_WARN_DEPRECATED_OBJC_IMPLEMENTATIONS = YES;
				CLANG_WARN_DIRECT_OBJC_ISA_USAGE = YES_ERROR;
				CLANG_WARN_DOCUMENTATION_COMMENTS = YES;
				CLANG_WARN_EMPTY_BODY = YES;
				CLANG_WARN_ENUM_CONVERSION = YES;
				CLANG_WARN_INFINITE_RECURSION = YES;
				CLANG_WARN_INT_CONVERSION = YES;
				CLANG_WARN_NON_LITERAL_NULL_CONVERSION = YES;
				CLANG_WARN_OBJC_IMPLICIT_RETAIN_SELF = YES;
				CLANG_WARN_OBJC_LITERAL_CONVERSION = YES;
				CLANG_WARN_OBJC_ROOT_CLASS = YES_ERROR;
				CLANG_WARN_QUOTED_INCLUDE_IN_FRAMEWORK_HEADER = YES;
				CLANG_WARN_RANGE_LOOP_ANALYSIS = YES;
				CLANG_WARN_STRICT_PROTOTYPES = YES;
				CLANG_WARN_SUSPICIOUS_MOVE = YES;
				CLANG_WARN_UNGUARDED_AVAILABILITY = YES_AGGRESSIVE;
				CLANG_WARN_UNREACHABLE_CODE = YES;
				CLANG_WARN__DUPLICATE_METHOD_MATCH = YES;
				COPY_PHASE_STRIP = NO;
				DEBUG_INFORMATION_FORMAT = dwarf;
				ENABLE_STRICT_OBJC_MSGSEND = YES;
				ENABLE_TESTABILITY = YES;
				GCC_C_LANGUAGE_STANDARD = gnu11;
				GCC_DYNAMIC_NO_PIC = NO;
				GCC_NO_COMMON_BLOCKS = YES;
				GCC_OPTIMIZATION_LEVEL = 0;
				GCC_PREPROCESSOR_DEFINITIONS = (
					"DEBUG=1",
					"$(inherited)",
				);
				GCC_WARN_64_TO_32_BIT_CONVERSION = YES;
				GCC_WARN_ABOUT_RETURN_TYPE = YES_ERROR;
				GCC_WARN_UNDECLARED_SELECTOR = YES;
				GCC_WARN_UNINITIALIZED_AUTOS = YES_AGGRESSIVE;
				GCC_WARN_UNUSED_FUNCTION = YES;
				GCC_WARN_UNUSED_VARIABLE = YES;
				IPHONEOS_DEPLOYMENT_TARGET = 14.3;
				MTL_ENABLE_DEBUG_INFO = INCLUDE_SOURCE;
				MTL_FAST_MATH = YES;
				ONLY_ACTIVE_ARCH = YES;
				SDKROOT = iphoneos;
				SWIFT_ACTIVE_COMPILATION_CONDITIONS = DEBUG;
				SWIFT_OPTIMIZATION_LEVEL = "-Onone";
			};
			name = Debug;
		};
		2BD9277C259F9F9A00E25360 /* Release */ = {
			isa = XCBuildConfiguration;
			buildSettings = {
				ALWAYS_SEARCH_USER_PATHS = NO;
				CLANG_ANALYZER_NONNULL = YES;
				CLANG_ANALYZER_NUMBER_OBJECT_CONVERSION = YES_AGGRESSIVE;
				CLANG_CXX_LANGUAGE_STANDARD = "gnu++14";
				CLANG_CXX_LIBRARY = "libc++";
				CLANG_ENABLE_MODULES = YES;
				CLANG_ENABLE_OBJC_ARC = YES;
				CLANG_ENABLE_OBJC_WEAK = YES;
				CLANG_WARN_BLOCK_CAPTURE_AUTORELEASING = YES;
				CLANG_WARN_BOOL_CONVERSION = YES;
				CLANG_WARN_COMMA = YES;
				CLANG_WARN_CONSTANT_CONVERSION = YES;
				CLANG_WARN_DEPRECATED_OBJC_IMPLEMENTATIONS = YES;
				CLANG_WARN_DIRECT_OBJC_ISA_USAGE = YES_ERROR;
				CLANG_WARN_DOCUMENTATION_COMMENTS = YES;
				CLANG_WARN_EMPTY_BODY = YES;
				CLANG_WARN_ENUM_CONVERSION = YES;
				CLANG_WARN_INFINITE_RECURSION = YES;
				CLANG_WARN_INT_CONVERSION = YES;
				CLANG_WARN_NON_LITERAL_NULL_CONVERSION = YES;
				CLANG_WARN_OBJC_IMPLICIT_RETAIN_SELF = YES;
				CLANG_WARN_OBJC_LITERAL_CONVERSION = YES;
				CLANG_WARN_OBJC_ROOT_CLASS = YES_ERROR;
				CLANG_WARN_QUOTED_INCLUDE_IN_FRAMEWORK_HEADER = YES;
				CLANG_WARN_RANGE_LOOP_ANALYSIS = YES;
				CLANG_WARN_STRICT_PROTOTYPES = YES;
				CLANG_WARN_SUSPICIOUS_MOVE = YES;
				CLANG_WARN_UNGUARDED_AVAILABILITY = YES_AGGRESSIVE;
				CLANG_WARN_UNREACHABLE_CODE = YES;
				CLANG_WARN__DUPLICATE_METHOD_MATCH = YES;
				COPY_PHASE_STRIP = NO;
				DEBUG_INFORMATION_FORMAT = "dwarf-with-dsym";
				ENABLE_NS_ASSERTIONS = NO;
				ENABLE_STRICT_OBJC_MSGSEND = YES;
				GCC_C_LANGUAGE_STANDARD = gnu11;
				GCC_NO_COMMON_BLOCKS = YES;
				GCC_WARN_64_TO_32_BIT_CONVERSION = YES;
				GCC_WARN_ABOUT_RETURN_TYPE = YES_ERROR;
				GCC_WARN_UNDECLARED_SELECTOR = YES;
				GCC_WARN_UNINITIALIZED_AUTOS = YES_AGGRESSIVE;
				GCC_WARN_UNUSED_FUNCTION = YES;
				GCC_WARN_UNUSED_VARIABLE = YES;
				IPHONEOS_DEPLOYMENT_TARGET = 14.3;
				MTL_ENABLE_DEBUG_INFO = NO;
				MTL_FAST_MATH = YES;
				SDKROOT = iphoneos;
				SWIFT_COMPILATION_MODE = wholemodule;
				SWIFT_OPTIMIZATION_LEVEL = "-O";
				VALIDATE_PRODUCT = YES;
			};
			name = Release;
		};
		2BD9277E259F9F9A00E25360 /* Debug */ = {
			isa = XCBuildConfiguration;
			buildSettings = {
				ASSETCATALOG_COMPILER_APPICON_NAME = AppIcon;
				ASSETCATALOG_COMPILER_GLOBAL_ACCENT_COLOR_NAME = AccentColor;
				CODE_SIGN_ENTITLEMENTS = MissingNoodlePortfolio/MissingNoodlePortfolio.entitlements;
				CODE_SIGN_STYLE = Automatic;
				DEVELOPMENT_ASSET_PATHS = "\"MissingNoodlePortfolio/Preview Content\"";
				DEVELOPMENT_TEAM = 48CGK73HZD;
				ENABLE_PREVIEWS = YES;
				INFOPLIST_FILE = MissingNoodlePortfolio/Info.plist;
				IPHONEOS_DEPLOYMENT_TARGET = 14.3;
				LD_RUNPATH_SEARCH_PATHS = (
					"$(inherited)",
					"@executable_path/Frameworks",
				);
				PRODUCT_BUNDLE_IDENTIFIER = com.missingnoodle.MissingNoodlePortfolio;
				PRODUCT_NAME = "$(TARGET_NAME)";
				SWIFT_VERSION = 5.0;
				TARGETED_DEVICE_FAMILY = "1,2";
			};
			name = Debug;
		};
		2BD9277F259F9F9A00E25360 /* Release */ = {
			isa = XCBuildConfiguration;
			buildSettings = {
				ASSETCATALOG_COMPILER_APPICON_NAME = AppIcon;
				ASSETCATALOG_COMPILER_GLOBAL_ACCENT_COLOR_NAME = AccentColor;
				CODE_SIGN_ENTITLEMENTS = MissingNoodlePortfolio/MissingNoodlePortfolio.entitlements;
				CODE_SIGN_STYLE = Automatic;
				DEVELOPMENT_ASSET_PATHS = "\"MissingNoodlePortfolio/Preview Content\"";
				DEVELOPMENT_TEAM = 48CGK73HZD;
				ENABLE_PREVIEWS = YES;
				INFOPLIST_FILE = MissingNoodlePortfolio/Info.plist;
				IPHONEOS_DEPLOYMENT_TARGET = 14.3;
				LD_RUNPATH_SEARCH_PATHS = (
					"$(inherited)",
					"@executable_path/Frameworks",
				);
				PRODUCT_BUNDLE_IDENTIFIER = com.missingnoodle.MissingNoodlePortfolio;
				PRODUCT_NAME = "$(TARGET_NAME)";
				SWIFT_VERSION = 5.0;
				TARGETED_DEVICE_FAMILY = "1,2";
			};
			name = Release;
		};
/* End XCBuildConfiguration section */

/* Begin XCConfigurationList section */
		2B5F5C3525B3B83300C294A1 /* Build configuration list for PBXNativeTarget "MissingNoodlePortfolioTests" */ = {
			isa = XCConfigurationList;
			buildConfigurations = (
				2B5F5C3625B3B83300C294A1 /* Debug */,
				2B5F5C3725B3B83300C294A1 /* Release */,
			);
			defaultConfigurationIsVisible = 0;
			defaultConfigurationName = Release;
		};
		2BD92769259F9F9900E25360 /* Build configuration list for PBXProject "MissingNoodlePortfolio" */ = {
			isa = XCConfigurationList;
			buildConfigurations = (
				2BD9277B259F9F9A00E25360 /* Debug */,
				2BD9277C259F9F9A00E25360 /* Release */,
			);
			defaultConfigurationIsVisible = 0;
			defaultConfigurationName = Release;
		};
		2BD9277D259F9F9A00E25360 /* Build configuration list for PBXNativeTarget "MissingNoodlePortfolio" */ = {
			isa = XCConfigurationList;
			buildConfigurations = (
				2BD9277E259F9F9A00E25360 /* Debug */,
				2BD9277F259F9F9A00E25360 /* Release */,
			);
			defaultConfigurationIsVisible = 0;
			defaultConfigurationName = Release;
		};
/* End XCConfigurationList section */

/* Begin XCSwiftPackageProductDependency section */
		2B6CBA9C25B5FD4F006D47C8 /* MissingNoodleKit */ = {
			isa = XCSwiftPackageProductDependency;
			productName = MissingNoodleKit;
		};
/* End XCSwiftPackageProductDependency section */

/* Begin XCVersionGroup section */
		2B0BAFED25A23295006C6E5D /* Main.xcdatamodeld */ = {
			isa = XCVersionGroup;
			children = (
				2B0BAFEE25A23295006C6E5D /* Main.xcdatamodel */,
			);
			currentVersion = 2B0BAFEE25A23295006C6E5D /* Main.xcdatamodel */;
			path = Main.xcdatamodeld;
			sourceTree = "<group>";
			versionGroupType = wrapper.xcdatamodel;
		};
/* End XCVersionGroup section */
	};
	rootObject = 2BD92766259F9F9900E25360 /* Project object */;
}
